
Microsoft Visual Studio Solution File, Format Version 12.00
# Visual Studio 2013
VisualStudioVersion = 12.0.31101.0
MinimumVisualStudioVersion = 10.0.40219.1
Project("{FAE04EC0-301F-11D3-BF4B-00C04F79EFBC}") = "JSInterpret", "JSInterpret\JSInterpret.csproj", "{A4FAD1DD-2FBB-4B37-8A0C-D06DB754C6FD}"
EndProject
Project("{FAE04EC0-301F-11D3-BF4B-00C04F79EFBC}") = "Playground", "Playground\Playground.csproj", "{4D4D38BE-EC9A-4C56-9F69-7EF9B3E591C3}"
EndProject
Project("{FAE04EC0-301F-11D3-BF4B-00C04F79EFBC}") = "JsInterpreterUnitTest", "JsInterpreterUnitTest\JsInterpreterUnitTest.csproj", "{025536AE-4A65-4B76-BB15-61E81F3ED167}"
EndProject
Global
	GlobalSection(SolutionConfigurationPlatforms) = preSolution
		Debug|Any CPU = Debug|Any CPU
		Release|Any CPU = Release|Any CPU
	EndGlobalSection
	GlobalSection(ProjectConfigurationPlatforms) = postSolution
		{A4FAD1DD-2FBB-4B37-8A0C-D06DB754C6FD}.Debug|Any CPU.ActiveCfg = Debug|Any CPU
		{A4FAD1DD-2FBB-4B37-8A0C-D06DB754C6FD}.Debug|Any CPU.Build.0 = Debug|Any CPU
		{A4FAD1DD-2FBB-4B37-8A0C-D06DB754C6FD}.Release|Any CPU.ActiveCfg = Release|Any CPU
		{A4FAD1DD-2FBB-4B37-8A0C-D06DB754C6FD}.Release|Any CPU.Build.0 = Release|Any CPU
		{4D4D38BE-EC9A-4C56-9F69-7EF9B3E591C3}.Debug|Any CPU.ActiveCfg = Debug|Any CPU
		{4D4D38BE-EC9A-4C56-9F69-7EF9B3E591C3}.Debug|Any CPU.Build.0 = Debug|Any CPU
		{4D4D38BE-EC9A-4C56-9F69-7EF9B3E591C3}.Release|Any CPU.ActiveCfg = Release|Any CPU
		{4D4D38BE-EC9A-4C56-9F69-7EF9B3E591C3}.Release|Any CPU.Build.0 = Release|Any CPU
		{025536AE-4A65-4B76-BB15-61E81F3ED167}.Debug|Any CPU.ActiveCfg = Debug|Any CPU
		{025536AE-4A65-4B76-BB15-61E81F3ED167}.Debug|Any CPU.Build.0 = Debug|Any CPU
		{025536AE-4A65-4B76-BB15-61E81F3ED167}.Release|Any CPU.ActiveCfg = Release|Any CPU
		{025536AE-4A65-4B76-BB15-61E81F3ED167}.Release|Any CPU.Build.0 = Release|Any CPU
	EndGlobalSection
	GlobalSection(SolutionProperties) = preSolution
		HideSolutionNode = FALSE
	EndGlobalSection
EndGlobal
